<?xml version="1.0" encoding="utf-8"?>
<Project ToolsVersion="4.0" xmlns="http://schemas.microsoft.com/developer/msbuild/2003">
  <ItemGroup>
    <Filter Include="소스 파일">
      <UniqueIdentifier>{4FC737F1-C7A5-4376-A066-2A32D752A2FF}</UniqueIdentifier>
      <Extensions>cpp;c;cc;cxx;c++;cppm;ixx;def;odl;idl;hpj;bat;asm;asmx</Extensions>
    </Filter>
    <Filter Include="헤더 파일">
      <UniqueIdentifier>{93995380-89BD-4b04-88EB-625FBE52EBFB}</UniqueIdentifier>
      <Extensions>h;hh;hpp;hxx;h++;hm;inl;inc;ipp;xsd</Extensions>
    </Filter>
    <Filter Include="리소스 파일">
      <UniqueIdentifier>{67DA6AB6-F800-4c08-8B7A-83BB121AAD01}</UniqueIdentifier>
      <Extensions>rc;ico;cur;bmp;dlg;rc2;rct;bin;rgs;gif;jpg;jpeg;jpe;resx;tiff;tif;png;wav;mfcribbon-ms</Extensions>
    </Filter>
  </ItemGroup>
  <ItemGroup>
    <ClCompile Include="baekjoon7785.cpp">
      <Filter>소스 파일</Filter>
    </ClCompile>
    <ClCompile Include="baekjoon1158.cpp">
      <Filter>소스 파일</Filter>
    </ClCompile>
    <ClCompile Include="baekjoon2960.cpp">
      <Filter>소스 파일</Filter>
    </ClCompile>
    <ClCompile Include="baekjoon1547.cpp">
      <Filter>소스 파일</Filter>
    </ClCompile>
    <ClCompile Include="baekjoon10818.cpp">
      <Filter>소스 파일</Filter>
    </ClCompile>
    <ClCompile Include="baekjoon9935.cpp">
      <Filter>소스 파일</Filter>
    </ClCompile>
    <ClCompile Include="baekjoon10813.cpp">
      <Filter>소스 파일</Filter>
    </ClCompile>
    <ClCompile Include="baekjoon1269.cpp">
      <Filter>소스 파일</Filter>
    </ClCompile>
    <ClCompile Include="baekjoon2442.cpp">
      <Filter>소스 파일</Filter>
    </ClCompile>
    <ClCompile Include="baekjoon10799.cpp">
      <Filter>소스 파일</Filter>
    </ClCompile>
    <ClCompile Include="baekjoon11478.cpp">
      <Filter>소스 파일</Filter>
    </ClCompile>
    <ClCompile Include="baekjoon2164.cpp">
      <Filter>소스 파일</Filter>
    </ClCompile>
    <ClCompile Include="baekjoon1487.cpp">
      <Filter>소스 파일</Filter>
    </ClCompile>
    <ClCompile Include="baekjoon1015.cpp">
      <Filter>소스 파일</Filter>
    </ClCompile>
    <ClCompile Include="baekjoon1018.cpp">
      <Filter>소스 파일</Filter>
    </ClCompile>
    <ClCompile Include="baekjoon새싹.cpp">
      <Filter>소스 파일</Filter>
    </ClCompile>
    <ClCompile Include="baekjoon10798.cpp">
      <Filter>소스 파일</Filter>
    </ClCompile>
    <ClCompile Include="baekjoon2562.cpp">
      <Filter>소스 파일</Filter>
    </ClCompile>
    <ClCompile Include="baekjoon1431.cpp">
      <Filter>소스 파일</Filter>
    </ClCompile>
    <ClCompile Include="baekjoon2577.cpp">
      <Filter>소스 파일</Filter>
    </ClCompile>
    <ClCompile Include="baekjoon8958.cpp">
      <Filter>소스 파일</Filter>
    </ClCompile>
    <ClCompile Include="baekjoon2439.cpp">
      <Filter>소스 파일</Filter>
    </ClCompile>
    <ClCompile Include="baekjoon2884.cpp">
      <Filter>소스 파일</Filter>
    </ClCompile>
    <ClCompile Include="baekjoon10250.cpp">
      <Filter>소스 파일</Filter>
    </ClCompile>
    <ClCompile Include="baekjoon3052.cpp">
      <Filter>소스 파일</Filter>
    </ClCompile>
    <ClCompile Include="baekjoon2920.cpp">
      <Filter>소스 파일</Filter>
    </ClCompile>
    <ClCompile Include="baekjoon1157.cpp">
      <Filter>소스 파일</Filter>
    </ClCompile>
    <ClCompile Include="baekjoon4153.cpp">
      <Filter>소스 파일</Filter>
    </ClCompile>
    <ClCompile Include="baekjoon1978.cpp">
      <Filter>소스 파일</Filter>
    </ClCompile>
    <ClCompile Include="baekjoon1181.cpp">
      <Filter>소스 파일</Filter>
    </ClCompile>
    <ClCompile Include="baekjoon2178.cpp">
      <Filter>소스 파일</Filter>
    </ClCompile>
    <ClCompile Include="programmers1844.cpp">
      <Filter>소스 파일</Filter>
    </ClCompile>
    <ClCompile Include="baekjoon18352.cpp">
      <Filter>소스 파일</Filter>
    </ClCompile>
    <ClCompile Include="bfs.cpp">
      <Filter>소스 파일</Filter>
    </ClCompile>
    <ClCompile Include="18352retry.cpp">
      <Filter>소스 파일</Filter>
    </ClCompile>
    <ClCompile Include="programmers43163.cpp">
      <Filter>소스 파일</Filter>
    </ClCompile>
    <ClCompile Include="baekjoon1012.cpp">
      <Filter>소스 파일</Filter>
    </ClCompile>
    <ClCompile Include="programmers43165.cpp">
      <Filter>소스 파일</Filter>
    </ClCompile>
    <ClCompile Include="programmers43162.cpp">
      <Filter>소스 파일</Filter>
    </ClCompile>
    <ClCompile Include="baekjoon5635.cpp">
      <Filter>소스 파일</Filter>
    </ClCompile>
    <ClCompile Include="baekjoon11654.cpp">
      <Filter>소스 파일</Filter>
    </ClCompile>
    <ClCompile Include="baekjoon1920.cpp">
      <Filter>소스 파일</Filter>
    </ClCompile>
    <ClCompile Include="baekjoon5639.cpp">
      <Filter>소스 파일</Filter>
    </ClCompile>
    <ClCompile Include="baekjoon11866.cpp">
      <Filter>소스 파일</Filter>
    </ClCompile>
    <ClCompile Include="NYPC Round1_1.cpp">
      <Filter>소스 파일</Filter>
    </ClCompile>
    <ClCompile Include="programmers120844.cpp">
      <Filter>소스 파일</Filter>
    </ClCompile>
    <ClCompile Include="programmers120826.cpp">
      <Filter>소스 파일</Filter>
    </ClCompile>
    <ClCompile Include="programmers42578.cpp">
      <Filter>소스 파일</Filter>
    </ClCompile>
    <ClCompile Include="programmers42579.cpp">
      <Filter>소스 파일</Filter>
    </ClCompile>
    <ClCompile Include="baekjoon1193.cpp">
      <Filter>소스 파일</Filter>
    </ClCompile>
    <ClCompile Include="baekjoon1940.cpp">
      <Filter>소스 파일</Filter>
    </ClCompile>
  </ItemGroup>
</Project>